
Microsoft Visual Studio Solution File, Format Version 12.00
# Visual Studio Version 17
VisualStudioVersion = 17.0.32014.148
MinimumVisualStudioVersion = 10.0.40219.1
Project("{9A19103F-16F7-4668-BE54-9A1E7A4F7556}") = "ClassLibrary1", "ClassLibrary1\ClassLibrary1.csproj", "{0671F61A-F52C-4572-9730-E1BB0C662669}"
EndProject
Project("{9A19103F-16F7-4668-BE54-9A1E7A4F7556}") = "ClassLibrary1Tests", "ClassLibrary1Tests\ClassLibrary1Tests.csproj", "{87C7BA9C-6016-450C-8AA2-A6E00E479A2A}"
EndProject
Project("{FAE04EC0-301F-11D3-BF4B-00C04F79EFBC}") = "TestProjectXUnit", "TestProjectXUnit\TestProjectXUnit.csproj", "{3BAC0F07-896E-4061-B9C6-1C0C7FFE694C}"
EndProject
Global
	GlobalSection(SolutionConfigurationPlatforms) = preSolution
		Debug|Any CPU = Debug|Any CPU
		Release|Any CPU = Release|Any CPU
	EndGlobalSection
	GlobalSection(ProjectConfigurationPlatforms) = postSolution
		{0671F61A-F52C-4572-9730-E1BB0C662669}.Debug|Any CPU.ActiveCfg = Debug|Any CPU
		{0671F61A-F52C-4572-9730-E1BB0C662669}.Debug|Any CPU.Build.0 = Debug|Any CPU
		{0671F61A-F52C-4572-9730-E1BB0C662669}.Release|Any CPU.ActiveCfg = Release|Any CPU
		{0671F61A-F52C-4572-9730-E1BB0C662669}.Release|Any CPU.Build.0 = Release|Any CPU
		{87C7BA9C-6016-450C-8AA2-A6E00E479A2A}.Debug|Any CPU.ActiveCfg = Debug|Any CPU
		{87C7BA9C-6016-450C-8AA2-A6E00E479A2A}.Debug|Any CPU.Build.0 = Debug|Any CPU
		{87C7BA9C-6016-450C-8AA2-A6E00E479A2A}.Release|Any CPU.ActiveCfg = Release|Any CPU
		{87C7BA9C-6016-450C-8AA2-A6E00E479A2A}.Release|Any CPU.Build.0 = Release|Any CPU
		{3BAC0F07-896E-4061-B9C6-1C0C7FFE694C}.Debug|Any CPU.ActiveCfg = Debug|Any CPU
		{3BAC0F07-896E-4061-B9C6-1C0C7FFE694C}.Debug|Any CPU.Build.0 = Debug|Any CPU
		{3BAC0F07-896E-4061-B9C6-1C0C7FFE694C}.Release|Any CPU.ActiveCfg = Release|Any CPU
		{3BAC0F07-896E-4061-B9C6-1C0C7FFE694C}.Release|Any CPU.Build.0 = Release|Any CPU
	EndGlobalSection
	GlobalSection(SolutionProperties) = preSolution
		HideSolutionNode = FALSE
	EndGlobalSection
	GlobalSection(ExtensibilityGlobals) = postSolution
		SolutionGuid = {7C3D7E25-38C3-43BF-ADF5-070C72A927AF}
	EndGlobalSection
EndGlobal
